
Microsoft Visual Studio Solution File, Format Version 12.00
# Visual Studio Version 17
VisualStudioVersion = 17.11.35303.130
MinimumVisualStudioVersion = 10.0.40219.1
Project("{FAE04EC0-301F-11D3-BF4B-00C04F79EFBC}") = "RRReddit", "RRReddit.csproj", "{F6DF0D06-E94A-471A-85B2-AF6D6FA8299B}"
EndProject
Global
	GlobalSection(SolutionConfigurationPlatforms) = preSolution
		Debug|Any CPU = Debug|Any CPU
		Release|Any CPU = Release|Any CPU
	EndGlobalSection
	GlobalSection(ProjectConfigurationPlatforms) = postSolution
		{F6DF0D06-E94A-471A-85B2-AF6D6FA8299B}.Debug|Any CPU.ActiveCfg = Debug|Any CPU
		{F6DF0D06-E94A-471A-85B2-AF6D6FA8299B}.Debug|Any CPU.Build.0 = Debug|Any CPU
		{F6DF0D06-E94A-471A-85B2-AF6D6FA8299B}.Release|Any CPU.ActiveCfg = Release|Any CPU
		{F6DF0D06-E94A-471A-85B2-AF6D6FA8299B}.Release|Any CPU.Build.0 = Release|Any CPU
	EndGlobalSection
	GlobalSection(SolutionProperties) = preSolution
		HideSolutionNode = FALSE
	EndGlobalSection
	GlobalSection(ExtensibilityGlobals) = postSolution
		SolutionGuid = {B3DBA763-A021-4FC0-9844-7CD73D5819C2}
	EndGlobalSection
EndGlobal
