
Microsoft Visual Studio Solution File, Format Version 12.00
# Visual Studio Version 17
VisualStudioVersion = 17.11.35312.102
MinimumVisualStudioVersion = 10.0.40219.1
Project("{FAE04EC0-301F-11D3-BF4B-00C04F79EFBC}") = "LoginPopup", "LoginPopup\LoginPopup.csproj", "{350AC5CC-12E9-400B-A317-1826BC9785DE}"
EndProject
Global
	GlobalSection(SolutionConfigurationPlatforms) = preSolution
		Debug|Any CPU = Debug|Any CPU
		Release|Any CPU = Release|Any CPU
	EndGlobalSection
	GlobalSection(ProjectConfigurationPlatforms) = postSolution
		{350AC5CC-12E9-400B-A317-1826BC9785DE}.Debug|Any CPU.ActiveCfg = Debug|Any CPU
		{350AC5CC-12E9-400B-A317-1826BC9785DE}.Debug|Any CPU.Build.0 = Debug|Any CPU
		{350AC5CC-12E9-400B-A317-1826BC9785DE}.Release|Any CPU.ActiveCfg = Release|Any CPU
		{350AC5CC-12E9-400B-A317-1826BC9785DE}.Release|Any CPU.Build.0 = Release|Any CPU
	EndGlobalSection
	GlobalSection(SolutionProperties) = preSolution
		HideSolutionNode = FALSE
	EndGlobalSection
	GlobalSection(ExtensibilityGlobals) = postSolution
		SolutionGuid = {F6FFBFFE-D2F9-4E55-8A83-8225A55A6449}
	EndGlobalSection
EndGlobal
